// !$*UTF8*$!
{
	archiveVersion = 1;
	classes = {
	};
	objectVersion = 48;
	objects = {

/* Begin PBXBuildFile section */
		10E0240D20D2B25300B1D942 /* AppDelegate.swift in Sources */ = {isa = PBXBuildFile; fileRef = 10E0240C20D2B25300B1D942 /* AppDelegate.swift */; };
		10E0240F20D2B25300B1D942 /* ViewController.swift in Sources */ = {isa = PBXBuildFile; fileRef = 10E0240E20D2B25300B1D942 /* ViewController.swift */; };
		10E0241220D2B25300B1D942 /* Main.storyboard in Resources */ = {isa = PBXBuildFile; fileRef = 10E0241020D2B25300B1D942 /* Main.storyboard */; };
		10E0241420D2B25300B1D942 /* Assets.xcassets in Resources */ = {isa = PBXBuildFile; fileRef = 10E0241320D2B25300B1D942 /* Assets.xcassets */; };
		10E0241720D2B25300B1D942 /* LaunchScreen.storyboard in Resources */ = {isa = PBXBuildFile; fileRef = 10E0241520D2B25300B1D942 /* LaunchScreen.storyboard */; };
		10E0242020D2F63800B1D942 /* TableViewController.swift in Sources */ = {isa = PBXBuildFile; fileRef = 10E0241F20D2F63800B1D942 /* TableViewController.swift */; };
		10E0242220D2F66400B1D942 /* ExerciseCell.swift in Sources */ = {isa = PBXBuildFile; fileRef = 10E0242120D2F66400B1D942 /* ExerciseCell.swift */; };
		10E0242420D2F86600B1D942 /* DetailsViewController.swift in Sources */ = {isa = PBXBuildFile; fileRef = 10E0242320D2F86600B1D942 /* DetailsViewController.swift */; };
		3107D707216266F000344660 /* MidViewController.swift in Sources */ = {isa = PBXBuildFile; fileRef = 3107D706216266F000344660 /* MidViewController.swift */; };
		311973C821AF0802002C8E29 /* Oswald-SemiBold.ttf in Resources */ = {isa = PBXBuildFile; fileRef = 311973C521AF0802002C8E29 /* Oswald-SemiBold.ttf */; };
		311973C921AF0802002C8E29 /* Oswald-Light.ttf in Resources */ = {isa = PBXBuildFile; fileRef = 311973C621AF0802002C8E29 /* Oswald-Light.ttf */; };
		311973CA21AF0802002C8E29 /* Oswald-Regular.ttf in Resources */ = {isa = PBXBuildFile; fileRef = 311973C721AF0802002C8E29 /* Oswald-Regular.ttf */; };
		311B7108215594B100167989 /* Extension.swift in Sources */ = {isa = PBXBuildFile; fileRef = 311B7107215594B100167989 /* Extension.swift */; };
		31689FDA2153C24A0011F7E2 /* DataService.swift in Sources */ = {isa = PBXBuildFile; fileRef = 31689FD92153C24A0011F7E2 /* DataService.swift */; };
		3179ACE121E1690700560055 /* RecommendedViewController.swift in Sources */ = {isa = PBXBuildFile; fileRef = 3179ACE021E1690700560055 /* RecommendedViewController.swift */; };
		31EFDA382167D24A00F03245 /* Localizable.strings in Resources */ = {isa = PBXBuildFile; fileRef = 31EFDA3A2167D24A00F03245 /* Localizable.strings */; };
/* End PBXBuildFile section */

/* Begin PBXFileReference section */
		10E0240920D2B25300B1D942 /* fitboxApp.app */ = {isa = PBXFileReference; explicitFileType = wrapper.application; includeInIndex = 0; path = fitboxApp.app; sourceTree = BUILT_PRODUCTS_DIR; };
		10E0240C20D2B25300B1D942 /* AppDelegate.swift */ = {isa = PBXFileReference; lastKnownFileType = sourcecode.swift; path = AppDelegate.swift; sourceTree = "<group>"; };
		10E0240E20D2B25300B1D942 /* ViewController.swift */ = {isa = PBXFileReference; lastKnownFileType = sourcecode.swift; path = ViewController.swift; sourceTree = "<group>"; };
		10E0241120D2B25300B1D942 /* Base */ = {isa = PBXFileReference; lastKnownFileType = file.storyboard; name = Base; path = Base.lproj/Main.storyboard; sourceTree = "<group>"; };
		10E0241320D2B25300B1D942 /* Assets.xcassets */ = {isa = PBXFileReference; lastKnownFileType = folder.assetcatalog; path = Assets.xcassets; sourceTree = "<group>"; };
		10E0241620D2B25300B1D942 /* Base */ = {isa = PBXFileReference; lastKnownFileType = file.storyboard; name = Base; path = Base.lproj/LaunchScreen.storyboard; sourceTree = "<group>"; };
		10E0241820D2B25300B1D942 /* Info.plist */ = {isa = PBXFileReference; lastKnownFileType = text.plist.xml; path = Info.plist; sourceTree = "<group>"; };
		10E0241F20D2F63800B1D942 /* TableViewController.swift */ = {isa = PBXFileReference; lastKnownFileType = sourcecode.swift; path = TableViewController.swift; sourceTree = "<group>"; };
		10E0242120D2F66400B1D942 /* ExerciseCell.swift */ = {isa = PBXFileReference; lastKnownFileType = sourcecode.swift; path = ExerciseCell.swift; sourceTree = "<group>"; };
		10E0242320D2F86600B1D942 /* DetailsViewController.swift */ = {isa = PBXFileReference; lastKnownFileType = sourcecode.swift; path = DetailsViewController.swift; sourceTree = "<group>"; };
		3107D706216266F000344660 /* MidViewController.swift */ = {isa = PBXFileReference; lastKnownFileType = sourcecode.swift; path = MidViewController.swift; sourceTree = "<group>"; };
		311973C521AF0802002C8E29 /* Oswald-SemiBold.ttf */ = {isa = PBXFileReference; lastKnownFileType = file; path = "Oswald-SemiBold.ttf"; sourceTree = "<group>"; };
		311973C621AF0802002C8E29 /* Oswald-Light.ttf */ = {isa = PBXFileReference; lastKnownFileType = file; path = "Oswald-Light.ttf"; sourceTree = "<group>"; };
		311973C721AF0802002C8E29 /* Oswald-Regular.ttf */ = {isa = PBXFileReference; lastKnownFileType = file; path = "Oswald-Regular.ttf"; sourceTree = "<group>"; };
		311B7107215594B100167989 /* Extension.swift */ = {isa = PBXFileReference; lastKnownFileType = sourcecode.swift; path = Extension.swift; sourceTree = "<group>"; };
		31689FD92153C24A0011F7E2 /* DataService.swift */ = {isa = PBXFileReference; lastKnownFileType = sourcecode.swift; path = DataService.swift; sourceTree = "<group>"; };
		3179ACE021E1690700560055 /* RecommendedViewController.swift */ = {isa = PBXFileReference; lastKnownFileType = sourcecode.swift; path = RecommendedViewController.swift; sourceTree = "<group>"; };
		31EFDA392167D24A00F03245 /* en */ = {isa = PBXFileReference; lastKnownFileType = text.plist.strings; name = en; path = en.lproj/Localizable.strings; sourceTree = "<group>"; };
/* End PBXFileReference section */

/* Begin PBXFrameworksBuildPhase section */
		10E0240620D2B25300B1D942 /* Frameworks */ = {
			isa = PBXFrameworksBuildPhase;
			buildActionMask = 2147483647;
			files = (
			);
			runOnlyForDeploymentPostprocessing = 0;
		};
/* End PBXFrameworksBuildPhase section */

/* Begin PBXGroup section */
		10E0240020D2B25300B1D942 = {
			isa = PBXGroup;
			children = (
				31EFDA3A2167D24A00F03245 /* Localizable.strings */,
				10E0240B20D2B25300B1D942 /* fitboxApp */,
				10E0240A20D2B25300B1D942 /* Products */,
			);
			sourceTree = "<group>";
		};
		10E0240A20D2B25300B1D942 /* Products */ = {
			isa = PBXGroup;
			children = (
				10E0240920D2B25300B1D942 /* fitboxApp.app */,
			);
			name = Products;
			sourceTree = "<group>";
		};
		10E0240B20D2B25300B1D942 /* fitboxApp */ = {
			isa = PBXGroup;
			children = (
				311B7107215594B100167989 /* Extension.swift */,
				316D3127215AA251000EDA9D /* Model */,
				316D312B215AA2B2000EDA9D /* Controller */,
				10E0240C20D2B25300B1D942 /* AppDelegate.swift */,
				10E0241020D2B25300B1D942 /* Main.storyboard */,
				10E0241320D2B25300B1D942 /* Assets.xcassets */,
				10E0241520D2B25300B1D942 /* LaunchScreen.storyboard */,
				10E0241820D2B25300B1D942 /* Info.plist */,
				311973C421AF0787002C8E29 /* Font */,
			);
			path = fitboxApp;
			sourceTree = "<group>";
		};
		311973C421AF0787002C8E29 /* Font */ = {
			isa = PBXGroup;
			children = (
				311973C621AF0802002C8E29 /* Oswald-Light.ttf */,
				311973C721AF0802002C8E29 /* Oswald-Regular.ttf */,
				311973C521AF0802002C8E29 /* Oswald-SemiBold.ttf */,
			);
			path = Font;
			sourceTree = "<group>";
		};
		316D3127215AA251000EDA9D /* Model */ = {
			isa = PBXGroup;
			children = (
				31689FD92153C24A0011F7E2 /* DataService.swift */,
			);
			path = Model;
			sourceTree = "<group>";
		};
		316D312B215AA2B2000EDA9D /* Controller */ = {
			isa = PBXGroup;
			children = (
				10E0240E20D2B25300B1D942 /* ViewController.swift */,
				3107D706216266F000344660 /* MidViewController.swift */,
				10E0241F20D2F63800B1D942 /* TableViewController.swift */,
				10E0242120D2F66400B1D942 /* ExerciseCell.swift */,
				10E0242320D2F86600B1D942 /* DetailsViewController.swift */,
				3179ACE021E1690700560055 /* RecommendedViewController.swift */,
			);
			path = Controller;
			sourceTree = "<group>";
		};
/* End PBXGroup section */

/* Begin PBXNativeTarget section */
		10E0240820D2B25300B1D942 /* fitboxApp */ = {
			isa = PBXNativeTarget;
			buildConfigurationList = 10E0241B20D2B25300B1D942 /* Build configuration list for PBXNativeTarget "fitboxApp" */;
			buildPhases = (
				10E0240520D2B25300B1D942 /* Sources */,
				10E0240620D2B25300B1D942 /* Frameworks */,
				10E0240720D2B25300B1D942 /* Resources */,
			);
			buildRules = (
			);
			dependencies = (
			);
			name = fitboxApp;
			productName = fitboxApp;
			productReference = 10E0240920D2B25300B1D942 /* fitboxApp.app */;
			productType = "com.apple.product-type.application";
		};
/* End PBXNativeTarget section */

/* Begin PBXProject section */
		10E0240120D2B25300B1D942 /* Project object */ = {
			isa = PBXProject;
			attributes = {
				LastSwiftUpdateCheck = 0900;
				LastUpgradeCheck = 1000;
				ORGANIZATIONNAME = OSX;
				TargetAttributes = {
					10E0240820D2B25300B1D942 = {
						CreatedOnToolsVersion = 9.0.1;
						LastSwiftMigration = 1000;
						ProvisioningStyle = Automatic;
					};
				};
			};
			buildConfigurationList = 10E0240420D2B25300B1D942 /* Build configuration list for PBXProject "fitboxApp" */;
			compatibilityVersion = "Xcode 8.0";
			developmentRegion = en;
			hasScannedForEncodings = 0;
			knownRegions = (
				en,
				Base,
			);
			mainGroup = 10E0240020D2B25300B1D942;
			productRefGroup = 10E0240A20D2B25300B1D942 /* Products */;
			projectDirPath = "";
			projectRoot = "";
			targets = (
				10E0240820D2B25300B1D942 /* fitboxApp */,
			);
		};
/* End PBXProject section */

/* Begin PBXResourcesBuildPhase section */
		10E0240720D2B25300B1D942 /* Resources */ = {
			isa = PBXResourcesBuildPhase;
			buildActionMask = 2147483647;
			files = (
				10E0241720D2B25300B1D942 /* LaunchScreen.storyboard in Resources */,
				311973C821AF0802002C8E29 /* Oswald-SemiBold.ttf in Resources */,
				31EFDA382167D24A00F03245 /* Localizable.strings in Resources */,
				311973CA21AF0802002C8E29 /* Oswald-Regular.ttf in Resources */,
				311973C921AF0802002C8E29 /* Oswald-Light.ttf in Resources */,
				10E0241420D2B25300B1D942 /* Assets.xcassets in Resources */,
				10E0241220D2B25300B1D942 /* Main.storyboard in Resources */,
			);
			runOnlyForDeploymentPostprocessing = 0;
		};
/* End PBXResourcesBuildPhase section */

/* Begin PBXSourcesBuildPhase section */
		10E0240520D2B25300B1D942 /* Sources */ = {
			isa = PBXSourcesBuildPhase;
			buildActionMask = 2147483647;
			files = (
				31689FDA2153C24A0011F7E2 /* DataService.swift in Sources */,
				10E0242220D2F66400B1D942 /* ExerciseCell.swift in Sources */,
				10E0240F20D2B25300B1D942 /* ViewController.swift in Sources */,
				10E0242020D2F63800B1D942 /* TableViewController.swift in Sources */,
				311B7108215594B100167989 /* Extension.swift in Sources */,
				10E0240D20D2B25300B1D942 /* AppDelegate.swift in Sources */,
				10E0242420D2F86600B1D942 /* DetailsViewController.swift in Sources */,
				3179ACE121E1690700560055 /* RecommendedViewController.swift in Sources */,
				3107D707216266F000344660 /* MidViewController.swift in Sources */,
			);
			runOnlyForDeploymentPostprocessing = 0;
		};
/* End PBXSourcesBuildPhase section */

/* Begin PBXVariantGroup section */
		10E0241020D2B25300B1D942 /* Main.storyboard */ = {
			isa = PBXVariantGroup;
			children = (
				10E0241120D2B25300B1D942 /* Base */,
			);
			name = Main.storyboard;
			sourceTree = "<group>";
		};
		10E0241520D2B25300B1D942 /* LaunchScreen.storyboard */ = {
			isa = PBXVariantGroup;
			children = (
				10E0241620D2B25300B1D942 /* Base */,
			);
			name = LaunchScreen.storyboard;
			sourceTree = "<group>";
		};
		31EFDA3A2167D24A00F03245 /* Localizable.strings */ = {
			isa = PBXVariantGroup;
			children = (
				31EFDA392167D24A00F03245 /* en */,
			);
			name = Localizable.strings;
			sourceTree = "<group>";
		};
/* End PBXVariantGroup section */

/* Begin XCBuildConfiguration section */
		10E0241920D2B25300B1D942 /* Debug */ = {
			isa = XCBuildConfiguration;
			buildSettings = {
				ALWAYS_SEARCH_USER_PATHS = NO;
				CLANG_ANALYZER_NONNULL = YES;
				CLANG_ANALYZER_NUMBER_OBJECT_CONVERSION = YES_AGGRESSIVE;
				CLANG_CXX_LANGUAGE_STANDARD = "gnu++14";
				CLANG_CXX_LIBRARY = "libc++";
				CLANG_ENABLE_MODULES = YES;
				CLANG_ENABLE_OBJC_ARC = YES;
				CLANG_WARN_BLOCK_CAPTURE_AUTORELEASING = YES;
				CLANG_WARN_BOOL_CONVERSION = YES;
				CLANG_WARN_COMMA = YES;
				CLANG_WARN_CONSTANT_CONVERSION = YES;
				CLANG_WARN_DEPRECATED_OBJC_IMPLEMENTATIONS = YES;
				CLANG_WARN_DIRECT_OBJC_ISA_USAGE = YES_ERROR;
				CLANG_WARN_DOCUMENTATION_COMMENTS = YES;
				CLANG_WARN_EMPTY_BODY = YES;
				CLANG_WARN_ENUM_CONVERSION = YES;
				CLANG_WARN_INFINITE_RECURSION = YES;
				CLANG_WARN_INT_CONVERSION = YES;
				CLANG_WARN_NON_LITERAL_NULL_CONVERSION = YES;
				CLANG_WARN_OBJC_IMPLICIT_RETAIN_SELF = YES;
				CLANG_WARN_OBJC_LITERAL_CONVERSION = YES;
				CLANG_WARN_OBJC_ROOT_CLASS = YES_ERROR;
				CLANG_WARN_RANGE_LOOP_ANALYSIS = YES;
				CLANG_WARN_STRICT_PROTOTYPES = YES;
				CLANG_WARN_SUSPICIOUS_MOVE = YES;
				CLANG_WARN_UNGUARDED_AVAILABILITY = YES_AGGRESSIVE;
				CLANG_WARN_UNREACHABLE_CODE = YES;
				CLANG_WARN__DUPLICATE_METHOD_MATCH = YES;
				CODE_SIGN_IDENTITY = "iPhone Developer";
				COPY_PHASE_STRIP = NO;
				DEBUG_INFORMATION_FORMAT = dwarf;
				ENABLE_STRICT_OBJC_MSGSEND = YES;
				ENABLE_TESTABILITY = YES;
				GCC_C_LANGUAGE_STANDARD = gnu11;
				GCC_DYNAMIC_NO_PIC = NO;
				GCC_NO_COMMON_BLOCKS = YES;
				GCC_OPTIMIZATION_LEVEL = 0;
				GCC_PREPROCESSOR_DEFINITIONS = (
					"DEBUG=1",
					"$(inherited)",
				);
				GCC_WARN_64_TO_32_BIT_CONVERSION = YES;
				GCC_WARN_ABOUT_RETURN_TYPE = YES_ERROR;
				GCC_WARN_UNDECLARED_SELECTOR = YES;
				GCC_WARN_UNINITIALIZED_AUTOS = YES_AGGRESSIVE;
				GCC_WARN_UNUSED_FUNCTION = YES;
				GCC_WARN_UNUSED_VARIABLE = YES;
				IPHONEOS_DEPLOYMENT_TARGET = 11.0;
				MTL_ENABLE_DEBUG_INFO = YES;
				ONLY_ACTIVE_ARCH = YES;
				SDKROOT = iphoneos;
				SWIFT_ACTIVE_COMPILATION_CONDITIONS = DEBUG;
				SWIFT_OPTIMIZATION_LEVEL = "-Onone";
			};
			name = Debug;
		};
		10E0241A20D2B25300B1D942 /* Release */ = {
			isa = XCBuildConfiguration;
			buildSettings = {
				ALWAYS_SEARCH_USER_PATHS = NO;
				CLANG_ANALYZER_NONNULL = YES;
				CLANG_ANALYZER_NUMBER_OBJECT_CONVERSION = YES_AGGRESSIVE;
				CLANG_CXX_LANGUAGE_STANDARD = "gnu++14";
				CLANG_CXX_LIBRARY = "libc++";
				CLANG_ENABLE_MODULES = YES;
				CLANG_ENABLE_OBJC_ARC = YES;
				CLANG_WARN_BLOCK_CAPTURE_AUTORELEASING = YES;
				CLANG_WARN_BOOL_CONVERSION = YES;
				CLANG_WARN_COMMA = YES;
				CLANG_WARN_CONSTANT_CONVERSION = YES;
				CLANG_WARN_DEPRECATED_OBJC_IMPLEMENTATIONS = YES;
				CLANG_WARN_DIRECT_OBJC_ISA_USAGE = YES_ERROR;
				CLANG_WARN_DOCUMENTATION_COMMENTS = YES;
				CLANG_WARN_EMPTY_BODY = YES;
				CLANG_WARN_ENUM_CONVERSION = YES;
				CLANG_WARN_INFINITE_RECURSION = YES;
				CLANG_WARN_INT_CONVERSION = YES;
				CLANG_WARN_NON_LITERAL_NULL_CONVERSION = YES;
				CLANG_WARN_OBJC_IMPLICIT_RETAIN_SELF = YES;
				CLANG_WARN_OBJC_LITERAL_CONVERSION = YES;
				CLANG_WARN_OBJC_ROOT_CLASS = YES_ERROR;
				CLANG_WARN_RANGE_LOOP_ANALYSIS = YES;
				CLANG_WARN_STRICT_PROTOTYPES = YES;
				CLANG_WARN_SUSPICIOUS_MOVE = YES;
				CLANG_WARN_UNGUARDED_AVAILABILITY = YES_AGGRESSIVE;
				CLANG_WARN_UNREACHABLE_CODE = YES;
				CLANG_WARN__DUPLICATE_METHOD_MATCH = YES;
				CODE_SIGN_IDENTITY = "iPhone Developer";
				COPY_PHASE_STRIP = NO;
				DEBUG_INFORMATION_FORMAT = "dwarf-with-dsym";
				ENABLE_NS_ASSERTIONS = NO;
				ENABLE_STRICT_OBJC_MSGSEND = YES;
				GCC_C_LANGUAGE_STANDARD = gnu11;
				GCC_NO_COMMON_BLOCKS = YES;
				GCC_WARN_64_TO_32_BIT_CONVERSION = YES;
				GCC_WARN_ABOUT_RETURN_TYPE = YES_ERROR;
				GCC_WARN_UNDECLARED_SELECTOR = YES;
				GCC_WARN_UNINITIALIZED_AUTOS = YES_AGGRESSIVE;
				GCC_WARN_UNUSED_FUNCTION = YES;
				GCC_WARN_UNUSED_VARIABLE = YES;
				IPHONEOS_DEPLOYMENT_TARGET = 11.0;
				MTL_ENABLE_DEBUG_INFO = NO;
				SDKROOT = iphoneos;
				SWIFT_OPTIMIZATION_LEVEL = "-Owholemodule";
				VALIDATE_PRODUCT = YES;
			};
			name = Release;
		};
		10E0241C20D2B25300B1D942 /* Debug */ = {
			isa = XCBuildConfiguration;
			buildSettings = {
				ASSETCATALOG_COMPILER_APPICON_NAME = AppIcon;
				CODE_SIGN_STYLE = Automatic;
				DEVELOPMENT_TEAM = 24Y993P9YU;
				INFOPLIST_FILE = fitboxApp/Info.plist;
				LD_RUNPATH_SEARCH_PATHS = "$(inherited) @executable_path/Frameworks";
				PRODUCT_BUNDLE_IDENTIFIER = danijelvasov.fitboxApp;
				PRODUCT_NAME = "$(TARGET_NAME)";
				SWIFT_VERSION = 4.2;
				TARGETED_DEVICE_FAMILY = "1,2";
			};
			name = Debug;
		};
		10E0241D20D2B25300B1D942 /* Release */ = {
			isa = XCBuildConfiguration;
			buildSettings = {
				ASSETCATALOG_COMPILER_APPICON_NAME = AppIcon;
				CODE_SIGN_STYLE = Automatic;
				DEVELOPMENT_TEAM = 24Y993P9YU;
				INFOPLIST_FILE = fitboxApp/Info.plist;
				LD_RUNPATH_SEARCH_PATHS = "$(inherited) @executable_path/Frameworks";
				PRODUCT_BUNDLE_IDENTIFIER = danijelvasov.fitboxApp;
				PRODUCT_NAME = "$(TARGET_NAME)";
				SWIFT_VERSION = 4.2;
				TARGETED_DEVICE_FAMILY = "1,2";
			};
			name = Release;
		};
/* End XCBuildConfiguration section */

/* Begin XCConfigurationList section */
		10E0240420D2B25300B1D942 /* Build configuration list for PBXProject "fitboxApp" */ = {
			isa = XCConfigurationList;
			buildConfigurations = (
				10E0241920D2B25300B1D942 /* Debug */,
				10E0241A20D2B25300B1D942 /* Release */,
			);
			defaultConfigurationIsVisible = 0;
			defaultConfigurationName = Release;
		};
		10E0241B20D2B25300B1D942 /* Build configuration list for PBXNativeTarget "fitboxApp" */ = {
			isa = XCConfigurationList;
			buildConfigurations = (
				10E0241C20D2B25300B1D942 /* Debug */,
				10E0241D20D2B25300B1D942 /* Release */,
			);
			defaultConfigurationIsVisible = 0;
			defaultConfigurationName = Release;
		};
/* End XCConfigurationList section */
	};
	rootObject = 10E0240120D2B25300B1D942 /* Project object */;
}
